
Microsoft Visual Studio Solution File, Format Version 12.00
# Visual Studio 15
VisualStudioVersion = 15.0.28307.168
MinimumVisualStudioVersion = 10.0.40219.1
Project("{FAE04EC0-301F-11D3-BF4B-00C04F79EFBC}") = "InheritanceCS89", "InheritanceCS89\InheritanceCS89.csproj", "{7367D766-59E4-49EB-8B72-BB9C3A5CFC6B}"
EndProject
Global
	GlobalSection(SolutionConfigurationPlatforms) = preSolution
		Debug|Any CPU = Debug|Any CPU
		Release|Any CPU = Release|Any CPU
	EndGlobalSection
	GlobalSection(ProjectConfigurationPlatforms) = postSolution
		{7367D766-59E4-49EB-8B72-BB9C3A5CFC6B}.Debug|Any CPU.ActiveCfg = Debug|Any CPU
		{7367D766-59E4-49EB-8B72-BB9C3A5CFC6B}.Debug|Any CPU.Build.0 = Debug|Any CPU
		{7367D766-59E4-49EB-8B72-BB9C3A5CFC6B}.Release|Any CPU.ActiveCfg = Release|Any CPU
		{7367D766-59E4-49EB-8B72-BB9C3A5CFC6B}.Release|Any CPU.Build.0 = Release|Any CPU
	EndGlobalSection
	GlobalSection(SolutionProperties) = preSolution
		HideSolutionNode = FALSE
	EndGlobalSection
	GlobalSection(ExtensibilityGlobals) = postSolution
		SolutionGuid = {DD767B04-0B26-49F0-BD04-B6DDE77B5BF7}
	EndGlobalSection
EndGlobal
