
Microsoft Visual Studio Solution File, Format Version 12.00
# Visual Studio 15
VisualStudioVersion = 15.0.28307.168
MinimumVisualStudioVersion = 10.0.40219.1
Project("{FAE04EC0-301F-11D3-BF4B-00C04F79EFBC}") = "Constructor_Prop", "Encapsulation\Constructor_Prop.csproj", "{43E7ABCB-1900-416E-B29C-9853AF2EFDA5}"
EndProject
Global
	GlobalSection(SolutionConfigurationPlatforms) = preSolution
		Debug|Any CPU = Debug|Any CPU
		Release|Any CPU = Release|Any CPU
	EndGlobalSection
	GlobalSection(ProjectConfigurationPlatforms) = postSolution
		{43E7ABCB-1900-416E-B29C-9853AF2EFDA5}.Debug|Any CPU.ActiveCfg = Debug|Any CPU
		{43E7ABCB-1900-416E-B29C-9853AF2EFDA5}.Debug|Any CPU.Build.0 = Debug|Any CPU
		{43E7ABCB-1900-416E-B29C-9853AF2EFDA5}.Release|Any CPU.ActiveCfg = Release|Any CPU
		{43E7ABCB-1900-416E-B29C-9853AF2EFDA5}.Release|Any CPU.Build.0 = Release|Any CPU
	EndGlobalSection
	GlobalSection(SolutionProperties) = preSolution
		HideSolutionNode = FALSE
	EndGlobalSection
	GlobalSection(ExtensibilityGlobals) = postSolution
		SolutionGuid = {68F48F59-F2A4-4205-9814-0A4240A7135C}
	EndGlobalSection
EndGlobal
